# THIS IS AN AUTOGENERATED FILE. DO NOT EDIT THIS FILE DIRECTLY.
# yarn lockfile v1


bulma@^0.7.1:
  version "0.7.1"
  resolved "https://registry.yarnpkg.com/bulma/-/bulma-0.7.1.tgz#73c2e3b2930c90cc272029cbd19918b493fca486"

loadbar@^0.2.2:
  version "0.2.2"
  resolved "https://registry.yarnpkg.com/loadbar/-/loadbar-0.2.2.tgz#a93341019abc7f544a16373223dfcfe506ce5930"

noty@^3.2.0-beta:
  version "3.2.0-beta"
  resolved "https://registry.yarnpkg.com/noty/-/noty-3.2.0-beta.tgz#cd1117277a1b83c9b08dfc78f968c6c5960d3cfa"
